
Microsoft Visual Studio Solution File, Format Version 12.00
# Visual Studio Version 18
VisualStudioVersion = 18.4.11626.88 stable
MinimumVisualStudioVersion = 10.0.40219.1
Project("{FAE04EC0-301F-11D3-BF4B-00C04F79EFBC}") = "rwlk", "rwlk.csproj", "{3DAEEF1C-11F9-E3BC-A0D8-4C2BB2AD79EF}"
EndProject
Global
	GlobalSection(SolutionConfigurationPlatforms) = preSolution
		Debug|Any CPU = Debug|Any CPU
		Release|Any CPU = Release|Any CPU
	EndGlobalSection
	GlobalSection(ProjectConfigurationPlatforms) = postSolution
		{3DAEEF1C-11F9-E3BC-A0D8-4C2BB2AD79EF}.Debug|Any CPU.ActiveCfg = Debug|Any CPU
		{3DAEEF1C-11F9-E3BC-A0D8-4C2BB2AD79EF}.Debug|Any CPU.Build.0 = Debug|Any CPU
		{3DAEEF1C-11F9-E3BC-A0D8-4C2BB2AD79EF}.Release|Any CPU.ActiveCfg = Release|Any CPU
		{3DAEEF1C-11F9-E3BC-A0D8-4C2BB2AD79EF}.Release|Any CPU.Build.0 = Release|Any CPU
	EndGlobalSection
	GlobalSection(SolutionProperties) = preSolution
		HideSolutionNode = FALSE
	EndGlobalSection
	GlobalSection(ExtensibilityGlobals) = postSolution
		SolutionGuid = {A63F4505-86F8-4BE6-9ACE-C5CC60B0CD37}
	EndGlobalSection
EndGlobal
